
Microsoft Visual Studio Solution File, Format Version 12.00
# Visual Studio Version 17
VisualStudioVersion = 17.5.33516.290
MinimumVisualStudioVersion = 10.0.40219.1
Project("{FAE04EC0-301F-11D3-BF4B-00C04F79EFBC}") = "ExamBannedWords", "ExamBannedWords\ExamBannedWords.csproj", "{833B2F4D-5E52-4695-917F-5EFD9261EBC0}"
EndProject
Global
	GlobalSection(SolutionConfigurationPlatforms) = preSolution
		Debug|Any CPU = Debug|Any CPU
		Release|Any CPU = Release|Any CPU
	EndGlobalSection
	GlobalSection(ProjectConfigurationPlatforms) = postSolution
		{833B2F4D-5E52-4695-917F-5EFD9261EBC0}.Debug|Any CPU.ActiveCfg = Debug|Any CPU
		{833B2F4D-5E52-4695-917F-5EFD9261EBC0}.Debug|Any CPU.Build.0 = Debug|Any CPU
		{833B2F4D-5E52-4695-917F-5EFD9261EBC0}.Release|Any CPU.ActiveCfg = Release|Any CPU
		{833B2F4D-5E52-4695-917F-5EFD9261EBC0}.Release|Any CPU.Build.0 = Release|Any CPU
	EndGlobalSection
	GlobalSection(SolutionProperties) = preSolution
		HideSolutionNode = FALSE
	EndGlobalSection
	GlobalSection(ExtensibilityGlobals) = postSolution
		SolutionGuid = {0AD5D5C1-61A8-43D1-8CA3-B9345AC97F67}
	EndGlobalSection
EndGlobal
